// !$*UTF8*$!
{
	archiveVersion = 1;
	classes = {
	};
	objectVersion = 46;
	objects = {

/* Begin PBXBuildFile section */
		D5F1B3821A0F23D7008FF382 /* AppDelegate.swift in Sources */ = {isa = PBXBuildFile; fileRef = D5F1B3811A0F23D7008FF382 /* AppDelegate.swift */; };
		D5F1B3841A0F23D7008FF382 /* ViewController.swift in Sources */ = {isa = PBXBuildFile; fileRef = D5F1B3831A0F23D7008FF382 /* ViewController.swift */; };
		D5F1B3871A0F23D7008FF382 /* Main.storyboard in Resources */ = {isa = PBXBuildFile; fileRef = D5F1B3851A0F23D7008FF382 /* Main.storyboard */; };
		D5F1B3891A0F23D7008FF382 /* Images.xcassets in Resources */ = {isa = PBXBuildFile; fileRef = D5F1B3881A0F23D7008FF382 /* Images.xcassets */; };
		D5F1B38C1A0F23D7008FF382 /* LaunchScreen.xib in Resources */ = {isa = PBXBuildFile; fileRef = D5F1B38A1A0F23D7008FF382 /* LaunchScreen.xib */; };
		D5F1B3981A0F23D7008FF382 /* UIDatePickerTests.swift in Sources */ = {isa = PBXBuildFile; fileRef = D5F1B3971A0F23D7008FF382 /* UIDatePickerTests.swift */; };
/* End PBXBuildFile section */

/* Begin PBXContainerItemProxy section */
		D5F1B3921A0F23D7008FF382 /* PBXContainerItemProxy */ = {
			isa = PBXContainerItemProxy;
			containerPortal = D5F1B3741A0F23D6008FF382 /* Project object */;
			proxyType = 1;
			remoteGlobalIDString = D5F1B37B1A0F23D6008FF382;
			remoteInfo = UIDatePicker;
		};
/* End PBXContainerItemProxy section */

/* Begin PBXFileReference section */
		D5F1B37C1A0F23D6008FF382 /* UIDatePicker.app */ = {isa = PBXFileReference; explicitFileType = wrapper.application; includeInIndex = 0; path = UIDatePicker.app; sourceTree = BUILT_PRODUCTS_DIR; };
		D5F1B3801A0F23D7008FF382 /* Info.plist */ = {isa = PBXFileReference; lastKnownFileType = text.plist.xml; path = Info.plist; sourceTree = "<group>"; };
		D5F1B3811A0F23D7008FF382 /* AppDelegate.swift */ = {isa = PBXFileReference; lastKnownFileType = sourcecode.swift; path = AppDelegate.swift; sourceTree = "<group>"; };
		D5F1B3831A0F23D7008FF382 /* ViewController.swift */ = {isa = PBXFileReference; lastKnownFileType = sourcecode.swift; path = ViewController.swift; sourceTree = "<group>"; };
		D5F1B3861A0F23D7008FF382 /* Base */ = {isa = PBXFileReference; lastKnownFileType = file.storyboard; name = Base; path = Base.lproj/Main.storyboard; sourceTree = "<group>"; };
		D5F1B3881A0F23D7008FF382 /* Images.xcassets */ = {isa = PBXFileReference; lastKnownFileType = folder.assetcatalog; path = Images.xcassets; sourceTree = "<group>"; };
		D5F1B38B1A0F23D7008FF382 /* Base */ = {isa = PBXFileReference; lastKnownFileType = file.xib; name = Base; path = Base.lproj/LaunchScreen.xib; sourceTree = "<group>"; };
		D5F1B3911A0F23D7008FF382 /* UIDatePickerTests.xctest */ = {isa = PBXFileReference; explicitFileType = wrapper.cfbundle; includeInIndex = 0; path = UIDatePickerTests.xctest; sourceTree = BUILT_PRODUCTS_DIR; };
		D5F1B3961A0F23D7008FF382 /* Info.plist */ = {isa = PBXFileReference; lastKnownFileType = text.plist.xml; path = Info.plist; sourceTree = "<group>"; };
		D5F1B3971A0F23D7008FF382 /* UIDatePickerTests.swift */ = {isa = PBXFileReference; lastKnownFileType = sourcecode.swift; path = UIDatePickerTests.swift; sourceTree = "<group>"; };
/* End PBXFileReference section */

/* Begin PBXFrameworksBuildPhase section */
		D5F1B3791A0F23D6008FF382 /* Frameworks */ = {
			isa = PBXFrameworksBuildPhase;
			buildActionMask = 2147483647;
			files = (
			);
			runOnlyForDeploymentPostprocessing = 0;
		};
		D5F1B38E1A0F23D7008FF382 /* Frameworks */ = {
			isa = PBXFrameworksBuildPhase;
			buildActionMask = 2147483647;
			files = (
			);
			runOnlyForDeploymentPostprocessing = 0;
		};
/* End PBXFrameworksBuildPhase section */

/* Begin PBXGroup section */
		D5F1B3731A0F23D6008FF382 = {
			isa = PBXGroup;
			children = (
				D5F1B37E1A0F23D6008FF382 /* UIDatePicker */,
				D5F1B3941A0F23D7008FF382 /* UIDatePickerTests */,
				D5F1B37D1A0F23D6008FF382 /* Products */,
			);
			sourceTree = "<group>";
		};
		D5F1B37D1A0F23D6008FF382 /* Products */ = {
			isa = PBXGroup;
			children = (
				D5F1B37C1A0F23D6008FF382 /* UIDatePicker.app */,
				D5F1B3911A0F23D7008FF382 /* UIDatePickerTests.xctest */,
			);
			name = Products;
			sourceTree = "<group>";
		};
		D5F1B37E1A0F23D6008FF382 /* UIDatePicker */ = {
			isa = PBXGroup;
			children = (
				D5F1B3811A0F23D7008FF382 /* AppDelegate.swift */,
				D5F1B3831A0F23D7008FF382 /* ViewController.swift */,
				D5F1B3851A0F23D7008FF382 /* Main.storyboard */,
				D5F1B3881A0F23D7008FF382 /* Images.xcassets */,
				D5F1B38A1A0F23D7008FF382 /* LaunchScreen.xib */,
				D5F1B37F1A0F23D7008FF382 /* Supporting Files */,
			);
			path = UIDatePicker;
			sourceTree = "<group>";
		};
		D5F1B37F1A0F23D7008FF382 /* Supporting Files */ = {
			isa = PBXGroup;
			children = (
				D5F1B3801A0F23D7008FF382 /* Info.plist */,
			);
			name = "Supporting Files";
			sourceTree = "<group>";
		};
		D5F1B3941A0F23D7008FF382 /* UIDatePickerTests */ = {
			isa = PBXGroup;
			children = (
				D5F1B3971A0F23D7008FF382 /* UIDatePickerTests.swift */,
				D5F1B3951A0F23D7008FF382 /* Supporting Files */,
			);
			path = UIDatePickerTests;
			sourceTree = "<group>";
		};
		D5F1B3951A0F23D7008FF382 /* Supporting Files */ = {
			isa = PBXGroup;
			children = (
				D5F1B3961A0F23D7008FF382 /* Info.plist */,
			);
			name = "Supporting Files";
			sourceTree = "<group>";
		};
/* End PBXGroup section */

/* Begin PBXNativeTarget section */
		D5F1B37B1A0F23D6008FF382 /* UIDatePicker */ = {
			isa = PBXNativeTarget;
			buildConfigurationList = D5F1B39B1A0F23D7008FF382 /* Build configuration list for PBXNativeTarget "UIDatePicker" */;
			buildPhases = (
				D5F1B3781A0F23D6008FF382 /* Sources */,
				D5F1B3791A0F23D6008FF382 /* Frameworks */,
				D5F1B37A1A0F23D6008FF382 /* Resources */,
			);
			buildRules = (
			);
			dependencies = (
			);
			name = UIDatePicker;
			productName = UIDatePicker;
			productReference = D5F1B37C1A0F23D6008FF382 /* UIDatePicker.app */;
			productType = "com.apple.product-type.application";
		};
		D5F1B3901A0F23D7008FF382 /* UIDatePickerTests */ = {
			isa = PBXNativeTarget;
			buildConfigurationList = D5F1B39E1A0F23D7008FF382 /* Build configuration list for PBXNativeTarget "UIDatePickerTests" */;
			buildPhases = (
				D5F1B38D1A0F23D7008FF382 /* Sources */,
				D5F1B38E1A0F23D7008FF382 /* Frameworks */,
				D5F1B38F1A0F23D7008FF382 /* Resources */,
			);
			buildRules = (
			);
			dependencies = (
				D5F1B3931A0F23D7008FF382 /* PBXTargetDependency */,
			);
			name = UIDatePickerTests;
			productName = UIDatePickerTests;
			productReference = D5F1B3911A0F23D7008FF382 /* UIDatePickerTests.xctest */;
			productType = "com.apple.product-type.bundle.unit-test";
		};
/* End PBXNativeTarget section */

/* Begin PBXProject section */
		D5F1B3741A0F23D6008FF382 /* Project object */ = {
			isa = PBXProject;
			attributes = {
				LastUpgradeCheck = 0610;
				ORGANIZATIONNAME = Cloudyun;
				TargetAttributes = {
					D5F1B37B1A0F23D6008FF382 = {
						CreatedOnToolsVersion = 6.1;
					};
					D5F1B3901A0F23D7008FF382 = {
						CreatedOnToolsVersion = 6.1;
						TestTargetID = D5F1B37B1A0F23D6008FF382;
					};
				};
			};
			buildConfigurationList = D5F1B3771A0F23D6008FF382 /* Build configuration list for PBXProject "UIDatePicker" */;
			compatibilityVersion = "Xcode 3.2";
			developmentRegion = English;
			hasScannedForEncodings = 0;
			knownRegions = (
				en,
				Base,
			);
			mainGroup = D5F1B3731A0F23D6008FF382;
			productRefGroup = D5F1B37D1A0F23D6008FF382 /* Products */;
			projectDirPath = "";
			projectRoot = "";
			targets = (
				D5F1B37B1A0F23D6008FF382 /* UIDatePicker */,
				D5F1B3901A0F23D7008FF382 /* UIDatePickerTests */,
			);
		};
/* End PBXProject section */

/* Begin PBXResourcesBuildPhase section */
		D5F1B37A1A0F23D6008FF382 /* Resources */ = {
			isa = PBXResourcesBuildPhase;
			buildActionMask = 2147483647;
			files = (
				D5F1B3871A0F23D7008FF382 /* Main.storyboard in Resources */,
				D5F1B38C1A0F23D7008FF382 /* LaunchScreen.xib in Resources */,
				D5F1B3891A0F23D7008FF382 /* Images.xcassets in Resources */,
			);
			runOnlyForDeploymentPostprocessing = 0;
		};
		D5F1B38F1A0F23D7008FF382 /* Resources */ = {
			isa = PBXResourcesBuildPhase;
			buildActionMask = 2147483647;
			files = (
			);
			runOnlyForDeploymentPostprocessing = 0;
		};
/* End PBXResourcesBuildPhase section */

/* Begin PBXSourcesBuildPhase section */
		D5F1B3781A0F23D6008FF382 /* Sources */ = {
			isa = PBXSourcesBuildPhase;
			buildActionMask = 2147483647;
			files = (
				D5F1B3841A0F23D7008FF382 /* ViewController.swift in Sources */,
				D5F1B3821A0F23D7008FF382 /* AppDelegate.swift in Sources */,
			);
			runOnlyForDeploymentPostprocessing = 0;
		};
		D5F1B38D1A0F23D7008FF382 /* Sources */ = {
			isa = PBXSourcesBuildPhase;
			buildActionMask = 2147483647;
			files = (
				D5F1B3981A0F23D7008FF382 /* UIDatePickerTests.swift in Sources */,
			);
			runOnlyForDeploymentPostprocessing = 0;
		};
/* End PBXSourcesBuildPhase section */

/* Begin PBXTargetDependency section */
		D5F1B3931A0F23D7008FF382 /* PBXTargetDependency */ = {
			isa = PBXTargetDependency;
			target = D5F1B37B1A0F23D6008FF382 /* UIDatePicker */;
			targetProxy = D5F1B3921A0F23D7008FF382 /* PBXContainerItemProxy */;
		};
/* End PBXTargetDependency section */

/* Begin PBXVariantGroup section */
		D5F1B3851A0F23D7008FF382 /* Main.storyboard */ = {
			isa = PBXVariantGroup;
			children = (
				D5F1B3861A0F23D7008FF382 /* Base */,
			);
			name = Main.storyboard;
			sourceTree = "<group>";
		};
		D5F1B38A1A0F23D7008FF382 /* LaunchScreen.xib */ = {
			isa = PBXVariantGroup;
			children = (
				D5F1B38B1A0F23D7008FF382 /* Base */,
			);
			name = LaunchScreen.xib;
			sourceTree = "<group>";
		};
/* End PBXVariantGroup section */

/* Begin XCBuildConfiguration section */
		D5F1B3991A0F23D7008FF382 /* Debug */ = {
			isa = XCBuildConfiguration;
			buildSettings = {
				ALWAYS_SEARCH_USER_PATHS = NO;
				CLANG_CXX_LANGUAGE_STANDARD = "gnu++0x";
				CLANG_CXX_LIBRARY = "libc++";
				CLANG_ENABLE_MODULES = YES;
				CLANG_ENABLE_OBJC_ARC = YES;
				CLANG_WARN_BOOL_CONVERSION = YES;
				CLANG_WARN_CONSTANT_CONVERSION = YES;
				CLANG_WARN_DIRECT_OBJC_ISA_USAGE = YES_ERROR;
				CLANG_WARN_EMPTY_BODY = YES;
				CLANG_WARN_ENUM_CONVERSION = YES;
				CLANG_WARN_INT_CONVERSION = YES;
				CLANG_WARN_OBJC_ROOT_CLASS = YES_ERROR;
				CLANG_WARN_UNREACHABLE_CODE = YES;
				CLANG_WARN__DUPLICATE_METHOD_MATCH = YES;
				"CODE_SIGN_IDENTITY[sdk=iphoneos*]" = "iPhone Developer";
				COPY_PHASE_STRIP = NO;
				ENABLE_STRICT_OBJC_MSGSEND = YES;
				GCC_C_LANGUAGE_STANDARD = gnu99;
				GCC_DYNAMIC_NO_PIC = NO;
				GCC_OPTIMIZATION_LEVEL = 0;
				GCC_PREPROCESSOR_DEFINITIONS = (
					"DEBUG=1",
					"$(inherited)",
				);
				GCC_SYMBOLS_PRIVATE_EXTERN = NO;
				GCC_WARN_64_TO_32_BIT_CONVERSION = YES;
				GCC_WARN_ABOUT_RETURN_TYPE = YES_ERROR;
				GCC_WARN_UNDECLARED_SELECTOR = YES;
				GCC_WARN_UNINITIALIZED_AUTOS = YES_AGGRESSIVE;
				GCC_WARN_UNUSED_FUNCTION = YES;
				GCC_WARN_UNUSED_VARIABLE = YES;
				IPHONEOS_DEPLOYMENT_TARGET = 8.1;
				MTL_ENABLE_DEBUG_INFO = YES;
				ONLY_ACTIVE_ARCH = YES;
				SDKROOT = iphoneos;
				SWIFT_OPTIMIZATION_LEVEL = "-Onone";
				TARGETED_DEVICE_FAMILY = "1,2";
			};
			name = Debug;
		};
		D5F1B39A1A0F23D7008FF382 /* Release */ = {
			isa = XCBuildConfiguration;
			buildSettings = {
				ALWAYS_SEARCH_USER_PATHS = NO;
				CLANG_CXX_LANGUAGE_STANDARD = "gnu++0x";
				CLANG_CXX_LIBRARY = "libc++";
				CLANG_ENABLE_MODULES = YES;
				CLANG_ENABLE_OBJC_ARC = YES;
				CLANG_WARN_BOOL_CONVERSION = YES;
				CLANG_WARN_CONSTANT_CONVERSION = YES;
				CLANG_WARN_DIRECT_OBJC_ISA_USAGE = YES_ERROR;
				CLANG_WARN_EMPTY_BODY = YES;
				CLANG_WARN_ENUM_CONVERSION = YES;
				CLANG_WARN_INT_CONVERSION = YES;
				CLANG_WARN_OBJC_ROOT_CLASS = YES_ERROR;
				CLANG_WARN_UNREACHABLE_CODE = YES;
				CLANG_WARN__DUPLICATE_METHOD_MATCH = YES;
				"CODE_SIGN_IDENTITY[sdk=iphoneos*]" = "iPhone Developer";
				COPY_PHASE_STRIP = YES;
				ENABLE_NS_ASSERTIONS = NO;
				ENABLE_STRICT_OBJC_MSGSEND = YES;
				GCC_C_LANGUAGE_STANDARD = gnu99;
				GCC_WARN_64_TO_32_BIT_CONVERSION = YES;
				GCC_WARN_ABOUT_RETURN_TYPE = YES_ERROR;
				GCC_WARN_UNDECLARED_SELECTOR = YES;
				GCC_WARN_UNINITIALIZED_AUTOS = YES_AGGRESSIVE;
				GCC_WARN_UNUSED_FUNCTION = YES;
				GCC_WARN_UNUSED_VARIABLE = YES;
				IPHONEOS_DEPLOYMENT_TARGET = 8.1;
				MTL_ENABLE_DEBUG_INFO = NO;
				SDKROOT = iphoneos;
				TARGETED_DEVICE_FAMILY = "1,2";
				VALIDATE_PRODUCT = YES;
			};
			name = Release;
		};
		D5F1B39C1A0F23D7008FF382 /* Debug */ = {
			isa = XCBuildConfiguration;
			buildSettings = {
				ASSETCATALOG_COMPILER_APPICON_NAME = AppIcon;
				INFOPLIST_FILE = UIDatePicker/Info.plist;
				LD_RUNPATH_SEARCH_PATHS = "$(inherited) @executable_path/Frameworks";
				PRODUCT_NAME = "$(TARGET_NAME)";
			};
			name = Debug;
		};
		D5F1B39D1A0F23D7008FF382 /* Release */ = {
			isa = XCBuildConfiguration;
			buildSettings = {
				ASSETCATALOG_COMPILER_APPICON_NAME = AppIcon;
				INFOPLIST_FILE = UIDatePicker/Info.plist;
				LD_RUNPATH_SEARCH_PATHS = "$(inherited) @executable_path/Frameworks";
				PRODUCT_NAME = "$(TARGET_NAME)";
			};
			name = Release;
		};
		D5F1B39F1A0F23D7008FF382 /* Debug */ = {
			isa = XCBuildConfiguration;
			buildSettings = {
				BUNDLE_LOADER = "$(TEST_HOST)";
				FRAMEWORK_SEARCH_PATHS = (
					"$(SDKROOT)/Developer/Library/Frameworks",
					"$(inherited)",
				);
				GCC_PREPROCESSOR_DEFINITIONS = (
					"DEBUG=1",
					"$(inherited)",
				);
				INFOPLIST_FILE = UIDatePickerTests/Info.plist;
				LD_RUNPATH_SEARCH_PATHS = "$(inherited) @executable_path/Frameworks @loader_path/Frameworks";
				PRODUCT_NAME = "$(TARGET_NAME)";
				TEST_HOST = "$(BUILT_PRODUCTS_DIR)/UIDatePicker.app/UIDatePicker";
			};
			name = Debug;
		};
		D5F1B3A01A0F23D7008FF382 /* Release */ = {
			isa = XCBuildConfiguration;
			buildSettings = {
				BUNDLE_LOADER = "$(TEST_HOST)";
				FRAMEWORK_SEARCH_PATHS = (
					"$(SDKROOT)/Developer/Library/Frameworks",
					"$(inherited)",
				);
				INFOPLIST_FILE = UIDatePickerTests/Info.plist;
				LD_RUNPATH_SEARCH_PATHS = "$(inherited) @executable_path/Frameworks @loader_path/Frameworks";
				PRODUCT_NAME = "$(TARGET_NAME)";
				TEST_HOST = "$(BUILT_PRODUCTS_DIR)/UIDatePicker.app/UIDatePicker";
			};
			name = Release;
		};
/* End XCBuildConfiguration section */

/* Begin XCConfigurationList section */
		D5F1B3771A0F23D6008FF382 /* Build configuration list for PBXProject "UIDatePicker" */ = {
			isa = XCConfigurationList;
			buildConfigurations = (
				D5F1B3991A0F23D7008FF382 /* Debug */,
				D5F1B39A1A0F23D7008FF382 /* Release */,
			);
			defaultConfigurationIsVisible = 0;
			defaultConfigurationName = Release;
		};
		D5F1B39B1A0F23D7008FF382 /* Build configuration list for PBXNativeTarget "UIDatePicker" */ = {
			isa = XCConfigurationList;
			buildConfigurations = (
				D5F1B39C1A0F23D7008FF382 /* Debug */,
				D5F1B39D1A0F23D7008FF382 /* Release */,
			);
			defaultConfigurationIsVisible = 0;
			defaultConfigurationName = Release;
		};
		D5F1B39E1A0F23D7008FF382 /* Build configuration list for PBXNativeTarget "UIDatePickerTests" */ = {
			isa = XCConfigurationList;
			buildConfigurations = (
				D5F1B39F1A0F23D7008FF382 /* Debug */,
				D5F1B3A01A0F23D7008FF382 /* Release */,
			);
			defaultConfigurationIsVisible = 0;
			defaultConfigurationName = Release;
		};
/* End XCConfigurationList section */
	};
	rootObject = D5F1B3741A0F23D6008FF382 /* Project object */;
}
